
Microsoft Visual Studio Solution File, Format Version 12.00
# Visual Studio 15
VisualStudioVersion = 15.0.28307.572
MinimumVisualStudioVersion = 10.0.40219.1
Project("{8BC9CEB8-8B4A-11D0-8D11-00A0C91BC942}") = "Algo_circular_shift_detection", "Algo_circular_shift_detection\Algo_circular_shift_detection.vcxproj", "{891ACEFE-743A-4E54-962F-65D930B32BDB}"
EndProject
Global
	GlobalSection(SolutionConfigurationPlatforms) = preSolution
		Debug|x64 = Debug|x64
		Debug|x86 = Debug|x86
		Release|x64 = Release|x64
		Release|x86 = Release|x86
	EndGlobalSection
	GlobalSection(ProjectConfigurationPlatforms) = postSolution
		{891ACEFE-743A-4E54-962F-65D930B32BDB}.Debug|x64.ActiveCfg = Debug|x64
		{891ACEFE-743A-4E54-962F-65D930B32BDB}.Debug|x64.Build.0 = Debug|x64
		{891ACEFE-743A-4E54-962F-65D930B32BDB}.Debug|x86.ActiveCfg = Debug|Win32
		{891ACEFE-743A-4E54-962F-65D930B32BDB}.Debug|x86.Build.0 = Debug|Win32
		{891ACEFE-743A-4E54-962F-65D930B32BDB}.Release|x64.ActiveCfg = Release|x64
		{891ACEFE-743A-4E54-962F-65D930B32BDB}.Release|x64.Build.0 = Release|x64
		{891ACEFE-743A-4E54-962F-65D930B32BDB}.Release|x86.ActiveCfg = Release|Win32
		{891ACEFE-743A-4E54-962F-65D930B32BDB}.Release|x86.Build.0 = Release|Win32
	EndGlobalSection
	GlobalSection(SolutionProperties) = preSolution
		HideSolutionNode = FALSE
	EndGlobalSection
	GlobalSection(ExtensibilityGlobals) = postSolution
		SolutionGuid = {5D1DD16A-F41F-4D77-A2B8-681ED5CC1E25}
	EndGlobalSection
EndGlobal
